// !$*UTF8*$!
{
	archiveVersion = 1;
	classes = {
	};
	objectVersion = 46;
	objects = {

/* Begin PBXBuildFile section */
		820C6A011ED7BAD6000F3365 /* rational.h in Sources */ = {isa = PBXBuildFile; fileRef = 820C6A001ED7BAD6000F3365 /* rational.h */; };
		820C6A081ED7BAEC000F3365 /* rational.cpp in Sources */ = {isa = PBXBuildFile; fileRef = 820C6A071ED7BAEC000F3365 /* rational.cpp */; };
		820C6A0A1ED7BB4D000F3365 /* test.cpp in Sources */ = {isa = PBXBuildFile; fileRef = 820C6A091ED7BB4D000F3365 /* test.cpp */; };
/* End PBXBuildFile section */

/* Begin PBXCopyFilesBuildPhase section */
		820C69FB1ED7BAD6000F3365 /* CopyFiles */ = {
			isa = PBXCopyFilesBuildPhase;
			buildActionMask = 2147483647;
			dstPath = /usr/share/man/man1/;
			dstSubfolderSpec = 0;
			files = (
			);
			runOnlyForDeploymentPostprocessing = 1;
		};
/* End PBXCopyFilesBuildPhase section */

/* Begin PBXFileReference section */
		820C69FD1ED7BAD6000F3365 /* Rational */ = {isa = PBXFileReference; explicitFileType = "compiled.mach-o.executable"; includeInIndex = 0; path = Rational; sourceTree = BUILT_PRODUCTS_DIR; };
		820C6A001ED7BAD6000F3365 /* rational.h */ = {isa = PBXFileReference; lastKnownFileType = sourcecode.c.h; path = rational.h; sourceTree = "<group>"; };
		820C6A071ED7BAEC000F3365 /* rational.cpp */ = {isa = PBXFileReference; fileEncoding = 4; lastKnownFileType = sourcecode.cpp.cpp; path = rational.cpp; sourceTree = "<group>"; };
		820C6A091ED7BB4D000F3365 /* test.cpp */ = {isa = PBXFileReference; fileEncoding = 4; lastKnownFileType = sourcecode.cpp.cpp; path = test.cpp; sourceTree = "<group>"; };
/* End PBXFileReference section */

/* Begin PBXFrameworksBuildPhase section */
		820C69FA1ED7BAD6000F3365 /* Frameworks */ = {
			isa = PBXFrameworksBuildPhase;
			buildActionMask = 2147483647;
			files = (
			);
			runOnlyForDeploymentPostprocessing = 0;
		};
/* End PBXFrameworksBuildPhase section */

/* Begin PBXGroup section */
		820C69F41ED7BAD5000F3365 = {
			isa = PBXGroup;
			children = (
				820C69FF1ED7BAD6000F3365 /* Rational */,
				820C69FE1ED7BAD6000F3365 /* Products */,
			);
			sourceTree = "<group>";
		};
		820C69FE1ED7BAD6000F3365 /* Products */ = {
			isa = PBXGroup;
			children = (
				820C69FD1ED7BAD6000F3365 /* Rational */,
			);
			name = Products;
			sourceTree = "<group>";
		};
		820C69FF1ED7BAD6000F3365 /* Rational */ = {
			isa = PBXGroup;
			children = (
				820C6A001ED7BAD6000F3365 /* rational.h */,
				820C6A071ED7BAEC000F3365 /* rational.cpp */,
				820C6A091ED7BB4D000F3365 /* test.cpp */,
			);
			path = Rational;
			sourceTree = "<group>";
		};
/* End PBXGroup section */

/* Begin PBXNativeTarget section */
		820C69FC1ED7BAD6000F3365 /* Rational */ = {
			isa = PBXNativeTarget;
			buildConfigurationList = 820C6A041ED7BAD6000F3365 /* Build configuration list for PBXNativeTarget "Rational" */;
			buildPhases = (
				820C69F91ED7BAD6000F3365 /* Sources */,
				820C69FA1ED7BAD6000F3365 /* Frameworks */,
				820C69FB1ED7BAD6000F3365 /* CopyFiles */,
			);
			buildRules = (
			);
			dependencies = (
			);
			name = Rational;
			productName = Rational;
			productReference = 820C69FD1ED7BAD6000F3365 /* Rational */;
			productType = "com.apple.product-type.tool";
		};
/* End PBXNativeTarget section */

/* Begin PBXProject section */
		820C69F51ED7BAD5000F3365 /* Project object */ = {
			isa = PBXProject;
			attributes = {
				LastUpgradeCheck = 0810;
				ORGANIZATIONNAME = "Melissa Chan";
				TargetAttributes = {
					820C69FC1ED7BAD6000F3365 = {
						CreatedOnToolsVersion = 8.1;
						ProvisioningStyle = Automatic;
					};
				};
			};
			buildConfigurationList = 820C69F81ED7BAD5000F3365 /* Build configuration list for PBXProject "Rational" */;
			compatibilityVersion = "Xcode 3.2";
			developmentRegion = English;
			hasScannedForEncodings = 0;
			knownRegions = (
				en,
			);
			mainGroup = 820C69F41ED7BAD5000F3365;
			productRefGroup = 820C69FE1ED7BAD6000F3365 /* Products */;
			projectDirPath = "";
			projectRoot = "";
			targets = (
				820C69FC1ED7BAD6000F3365 /* Rational */,
			);
		};
/* End PBXProject section */

/* Begin PBXSourcesBuildPhase section */
		820C69F91ED7BAD6000F3365 /* Sources */ = {
			isa = PBXSourcesBuildPhase;
			buildActionMask = 2147483647;
			files = (
				820C6A011ED7BAD6000F3365 /* rational.h in Sources */,
				820C6A081ED7BAEC000F3365 /* rational.cpp in Sources */,
				820C6A0A1ED7BB4D000F3365 /* test.cpp in Sources */,
			);
			runOnlyForDeploymentPostprocessing = 0;
		};
/* End PBXSourcesBuildPhase section */

/* Begin XCBuildConfiguration section */
		820C6A021ED7BAD6000F3365 /* Debug */ = {
			isa = XCBuildConfiguration;
			buildSettings = {
				ALWAYS_SEARCH_USER_PATHS = NO;
				CLANG_ANALYZER_NONNULL = YES;
				CLANG_CXX_LANGUAGE_STANDARD = "gnu++0x";
				CLANG_CXX_LIBRARY = "libc++";
				CLANG_ENABLE_MODULES = YES;
				CLANG_ENABLE_OBJC_ARC = YES;
				CLANG_WARN_BOOL_CONVERSION = YES;
				CLANG_WARN_CONSTANT_CONVERSION = YES;
				CLANG_WARN_DIRECT_OBJC_ISA_USAGE = YES_ERROR;
				CLANG_WARN_DOCUMENTATION_COMMENTS = YES;
				CLANG_WARN_EMPTY_BODY = YES;
				CLANG_WARN_ENUM_CONVERSION = YES;
				CLANG_WARN_INFINITE_RECURSION = YES;
				CLANG_WARN_INT_CONVERSION = YES;
				CLANG_WARN_OBJC_ROOT_CLASS = YES_ERROR;
				CLANG_WARN_SUSPICIOUS_MOVES = YES;
				CLANG_WARN_UNREACHABLE_CODE = YES;
				CLANG_WARN__DUPLICATE_METHOD_MATCH = YES;
				CODE_SIGN_IDENTITY = "-";
				COPY_PHASE_STRIP = NO;
				DEBUG_INFORMATION_FORMAT = dwarf;
				ENABLE_STRICT_OBJC_MSGSEND = YES;
				ENABLE_TESTABILITY = YES;
				GCC_C_LANGUAGE_STANDARD = gnu99;
				GCC_DYNAMIC_NO_PIC = NO;
				GCC_NO_COMMON_BLOCKS = YES;
				GCC_OPTIMIZATION_LEVEL = 0;
				GCC_PREPROCESSOR_DEFINITIONS = (
					"DEBUG=1",
					"$(inherited)",
				);
				GCC_WARN_64_TO_32_BIT_CONVERSION = YES;
				GCC_WARN_ABOUT_RETURN_TYPE = YES_ERROR;
				GCC_WARN_UNDECLARED_SELECTOR = YES;
				GCC_WARN_UNINITIALIZED_AUTOS = YES_AGGRESSIVE;
				GCC_WARN_UNUSED_FUNCTION = YES;
				GCC_WARN_UNUSED_VARIABLE = YES;
				MACOSX_DEPLOYMENT_TARGET = 10.11;
				MTL_ENABLE_DEBUG_INFO = YES;
				ONLY_ACTIVE_ARCH = YES;
				SDKROOT = macosx;
			};
			name = Debug;
		};
		820C6A031ED7BAD6000F3365 /* Release */ = {
			isa = XCBuildConfiguration;
			buildSettings = {
				ALWAYS_SEARCH_USER_PATHS = NO;
				CLANG_ANALYZER_NONNULL = YES;
				CLANG_CXX_LANGUAGE_STANDARD = "gnu++0x";
				CLANG_CXX_LIBRARY = "libc++";
				CLANG_ENABLE_MODULES = YES;
				CLANG_ENABLE_OBJC_ARC = YES;
				CLANG_WARN_BOOL_CONVERSION = YES;
				CLANG_WARN_CONSTANT_CONVERSION = YES;
				CLANG_WARN_DIRECT_OBJC_ISA_USAGE = YES_ERROR;
				CLANG_WARN_DOCUMENTATION_COMMENTS = YES;
				CLANG_WARN_EMPTY_BODY = YES;
				CLANG_WARN_ENUM_CONVERSION = YES;
				CLANG_WARN_INFINITE_RECURSION = YES;
				CLANG_WARN_INT_CONVERSION = YES;
				CLANG_WARN_OBJC_ROOT_CLASS = YES_ERROR;
				CLANG_WARN_SUSPICIOUS_MOVES = YES;
				CLANG_WARN_UNREACHABLE_CODE = YES;
				CLANG_WARN__DUPLICATE_METHOD_MATCH = YES;
				CODE_SIGN_IDENTITY = "-";
				COPY_PHASE_STRIP = NO;
				DEBUG_INFORMATION_FORMAT = "dwarf-with-dsym";
				ENABLE_NS_ASSERTIONS = NO;
				ENABLE_STRICT_OBJC_MSGSEND = YES;
				GCC_C_LANGUAGE_STANDARD = gnu99;
				GCC_NO_COMMON_BLOCKS = YES;
				GCC_WARN_64_TO_32_BIT_CONVERSION = YES;
				GCC_WARN_ABOUT_RETURN_TYPE = YES_ERROR;
				GCC_WARN_UNDECLARED_SELECTOR = YES;
				GCC_WARN_UNINITIALIZED_AUTOS = YES_AGGRESSIVE;
				GCC_WARN_UNUSED_FUNCTION = YES;
				GCC_WARN_UNUSED_VARIABLE = YES;
				MACOSX_DEPLOYMENT_TARGET = 10.11;
				MTL_ENABLE_DEBUG_INFO = NO;
				SDKROOT = macosx;
			};
			name = Release;
		};
		820C6A051ED7BAD6000F3365 /* Debug */ = {
			isa = XCBuildConfiguration;
			buildSettings = {
				PRODUCT_NAME = "$(TARGET_NAME)";
			};
			name = Debug;
		};
		820C6A061ED7BAD6000F3365 /* Release */ = {
			isa = XCBuildConfiguration;
			buildSettings = {
				PRODUCT_NAME = "$(TARGET_NAME)";
			};
			name = Release;
		};
/* End XCBuildConfiguration section */

/* Begin XCConfigurationList section */
		820C69F81ED7BAD5000F3365 /* Build configuration list for PBXProject "Rational" */ = {
			isa = XCConfigurationList;
			buildConfigurations = (
				820C6A021ED7BAD6000F3365 /* Debug */,
				820C6A031ED7BAD6000F3365 /* Release */,
			);
			defaultConfigurationIsVisible = 0;
			defaultConfigurationName = Release;
		};
		820C6A041ED7BAD6000F3365 /* Build configuration list for PBXNativeTarget "Rational" */ = {
			isa = XCConfigurationList;
			buildConfigurations = (
				820C6A051ED7BAD6000F3365 /* Debug */,
				820C6A061ED7BAD6000F3365 /* Release */,
			);
			defaultConfigurationIsVisible = 0;
		};
/* End XCConfigurationList section */
	};
	rootObject = 820C69F51ED7BAD5000F3365 /* Project object */;
}
